// !$*UTF8*$!
{
	archiveVersion = 1;
	classes = {
	};
	objectVersion = 56;
	objects = {

/* Begin PBXBuildFile section */
		6FDB11582A4A256F00AC470B /* experiment_app_testApp.swift in Sources */ = {isa = PBXBuildFile; fileRef = 6FDB11572A4A256F00AC470B /* experiment_app_testApp.swift */; };
		6FDB115A2A4A256F00AC470B /* Persistence.swift in Sources */ = {isa = PBXBuildFile; fileRef = 6FDB11592A4A256F00AC470B /* Persistence.swift */; };
		6FDB115D2A4A256F00AC470B /* experiment_app_test.xcdatamodeld in Sources */ = {isa = PBXBuildFile; fileRef = 6FDB115B2A4A256F00AC470B /* experiment_app_test.xcdatamodeld */; };
		6FDB115F2A4A256F00AC470B /* ContentView.swift in Sources */ = {isa = PBXBuildFile; fileRef = 6FDB115E2A4A256F00AC470B /* ContentView.swift */; };
		6FDB11612A4A257000AC470B /* Assets.xcassets in Resources */ = {isa = PBXBuildFile; fileRef = 6FDB11602A4A257000AC470B /* Assets.xcassets */; };
		6FDB11652A4A257000AC470B /* Preview Assets.xcassets in Resources */ = {isa = PBXBuildFile; fileRef = 6FDB11642A4A257000AC470B /* Preview Assets.xcassets */; };
		6FDB116F2A4A257000AC470B /* experiment_app_testTests.swift in Sources */ = {isa = PBXBuildFile; fileRef = 6FDB116E2A4A257000AC470B /* experiment_app_testTests.swift */; };
		6FDB11792A4A257000AC470B /* experiment_app_testUITests.swift in Sources */ = {isa = PBXBuildFile; fileRef = 6FDB11782A4A257000AC470B /* experiment_app_testUITests.swift */; };
		6FDB117B2A4A257000AC470B /* experiment_app_testUITestsLaunchTests.swift in Sources */ = {isa = PBXBuildFile; fileRef = 6FDB117A2A4A257000AC470B /* experiment_app_testUITestsLaunchTests.swift */; };
/* End PBXBuildFile section */

/* Begin PBXContainerItemProxy section */
		6FDB116B2A4A257000AC470B /* PBXContainerItemProxy */ = {
			isa = PBXContainerItemProxy;
			containerPortal = 6FDB114C2A4A256F00AC470B /* Project object */;
			proxyType = 1;
			remoteGlobalIDString = 6FDB11532A4A256F00AC470B;
			remoteInfo = "experiment app test";
		};
		6FDB11752A4A257000AC470B /* PBXContainerItemProxy */ = {
			isa = PBXContainerItemProxy;
			containerPortal = 6FDB114C2A4A256F00AC470B /* Project object */;
			proxyType = 1;
			remoteGlobalIDString = 6FDB11532A4A256F00AC470B;
			remoteInfo = "experiment app test";
		};
/* End PBXContainerItemProxy section */

/* Begin PBXFileReference section */
		6FDB11542A4A256F00AC470B /* experiment app test.app */ = {isa = PBXFileReference; explicitFileType = wrapper.application; includeInIndex = 0; path = "experiment app test.app"; sourceTree = BUILT_PRODUCTS_DIR; };
		6FDB11572A4A256F00AC470B /* experiment_app_testApp.swift */ = {isa = PBXFileReference; lastKnownFileType = sourcecode.swift; path = experiment_app_testApp.swift; sourceTree = "<group>"; };
		6FDB11592A4A256F00AC470B /* Persistence.swift */ = {isa = PBXFileReference; lastKnownFileType = sourcecode.swift; path = Persistence.swift; sourceTree = "<group>"; };
		6FDB115C2A4A256F00AC470B /* experiment_app_test.xcdatamodel */ = {isa = PBXFileReference; lastKnownFileType = wrapper.xcdatamodel; path = experiment_app_test.xcdatamodel; sourceTree = "<group>"; };
		6FDB115E2A4A256F00AC470B /* ContentView.swift */ = {isa = PBXFileReference; lastKnownFileType = sourcecode.swift; path = ContentView.swift; sourceTree = "<group>"; };
		6FDB11602A4A257000AC470B /* Assets.xcassets */ = {isa = PBXFileReference; lastKnownFileType = folder.assetcatalog; path = Assets.xcassets; sourceTree = "<group>"; };
		6FDB11622A4A257000AC470B /* experiment_app_test.entitlements */ = {isa = PBXFileReference; lastKnownFileType = text.plist.entitlements; path = experiment_app_test.entitlements; sourceTree = "<group>"; };
		6FDB11642A4A257000AC470B /* Preview Assets.xcassets */ = {isa = PBXFileReference; lastKnownFileType = folder.assetcatalog; path = "Preview Assets.xcassets"; sourceTree = "<group>"; };
		6FDB116A2A4A257000AC470B /* experiment app testTests.xctest */ = {isa = PBXFileReference; explicitFileType = wrapper.cfbundle; includeInIndex = 0; path = "experiment app testTests.xctest"; sourceTree = BUILT_PRODUCTS_DIR; };
		6FDB116E2A4A257000AC470B /* experiment_app_testTests.swift */ = {isa = PBXFileReference; lastKnownFileType = sourcecode.swift; path = experiment_app_testTests.swift; sourceTree = "<group>"; };
		6FDB11742A4A257000AC470B /* experiment app testUITests.xctest */ = {isa = PBXFileReference; explicitFileType = wrapper.cfbundle; includeInIndex = 0; path = "experiment app testUITests.xctest"; sourceTree = BUILT_PRODUCTS_DIR; };
		6FDB11782A4A257000AC470B /* experiment_app_testUITests.swift */ = {isa = PBXFileReference; lastKnownFileType = sourcecode.swift; path = experiment_app_testUITests.swift; sourceTree = "<group>"; };
		6FDB117A2A4A257000AC470B /* experiment_app_testUITestsLaunchTests.swift */ = {isa = PBXFileReference; lastKnownFileType = sourcecode.swift; path = experiment_app_testUITestsLaunchTests.swift; sourceTree = "<group>"; };
/* End PBXFileReference section */

/* Begin PBXFrameworksBuildPhase section */
		6FDB11512A4A256F00AC470B /* Frameworks */ = {
			isa = PBXFrameworksBuildPhase;
			buildActionMask = 2147483647;
			files = (
			);
			runOnlyForDeploymentPostprocessing = 0;
		};
		6FDB11672A4A257000AC470B /* Frameworks */ = {
			isa = PBXFrameworksBuildPhase;
			buildActionMask = 2147483647;
			files = (
			);
			runOnlyForDeploymentPostprocessing = 0;
		};
		6FDB11712A4A257000AC470B /* Frameworks */ = {
			isa = PBXFrameworksBuildPhase;
			buildActionMask = 2147483647;
			files = (
			);
			runOnlyForDeploymentPostprocessing = 0;
		};
/* End PBXFrameworksBuildPhase section */

/* Begin PBXGroup section */
		6FDB114B2A4A256F00AC470B = {
			isa = PBXGroup;
			children = (
				6FDB11562A4A256F00AC470B /* experiment app test */,
				6FDB116D2A4A257000AC470B /* experiment app testTests */,
				6FDB11772A4A257000AC470B /* experiment app testUITests */,
				6FDB11552A4A256F00AC470B /* Products */,
			);
			sourceTree = "<group>";
		};
		6FDB11552A4A256F00AC470B /* Products */ = {
			isa = PBXGroup;
			children = (
				6FDB11542A4A256F00AC470B /* experiment app test.app */,
				6FDB116A2A4A257000AC470B /* experiment app testTests.xctest */,
				6FDB11742A4A257000AC470B /* experiment app testUITests.xctest */,
			);
			name = Products;
			sourceTree = "<group>";
		};
		6FDB11562A4A256F00AC470B /* experiment app test */ = {
			isa = PBXGroup;
			children = (
				6FDB11572A4A256F00AC470B /* experiment_app_testApp.swift */,
				6FDB11592A4A256F00AC470B /* Persistence.swift */,
				6FDB115E2A4A256F00AC470B /* ContentView.swift */,
				6FDB11602A4A257000AC470B /* Assets.xcassets */,
				6FDB11622A4A257000AC470B /* experiment_app_test.entitlements */,
				6FDB115B2A4A256F00AC470B /* experiment_app_test.xcdatamodeld */,
				6FDB11632A4A257000AC470B /* Preview Content */,
			);
			path = "experiment app test";
			sourceTree = "<group>";
		};
		6FDB11632A4A257000AC470B /* Preview Content */ = {
			isa = PBXGroup;
			children = (
				6FDB11642A4A257000AC470B /* Preview Assets.xcassets */,
			);
			path = "Preview Content";
			sourceTree = "<group>";
		};
		6FDB116D2A4A257000AC470B /* experiment app testTests */ = {
			isa = PBXGroup;
			children = (
				6FDB116E2A4A257000AC470B /* experiment_app_testTests.swift */,
			);
			path = "experiment app testTests";
			sourceTree = "<group>";
		};
		6FDB11772A4A257000AC470B /* experiment app testUITests */ = {
			isa = PBXGroup;
			children = (
				6FDB11782A4A257000AC470B /* experiment_app_testUITests.swift */,
				6FDB117A2A4A257000AC470B /* experiment_app_testUITestsLaunchTests.swift */,
			);
			path = "experiment app testUITests";
			sourceTree = "<group>";
		};
/* End PBXGroup section */

/* Begin PBXNativeTarget section */
		6FDB11532A4A256F00AC470B /* experiment app test */ = {
			isa = PBXNativeTarget;
			buildConfigurationList = 6FDB117E2A4A257000AC470B /* Build configuration list for PBXNativeTarget "experiment app test" */;
			buildPhases = (
				6FDB11502A4A256F00AC470B /* Sources */,
				6FDB11512A4A256F00AC470B /* Frameworks */,
				6FDB11522A4A256F00AC470B /* Resources */,
			);
			buildRules = (
			);
			dependencies = (
			);
			name = "experiment app test";
			productName = "experiment app test";
			productReference = 6FDB11542A4A256F00AC470B /* experiment app test.app */;
			productType = "com.apple.product-type.application";
		};
		6FDB11692A4A257000AC470B /* experiment app testTests */ = {
			isa = PBXNativeTarget;
			buildConfigurationList = 6FDB11812A4A257000AC470B /* Build configuration list for PBXNativeTarget "experiment app testTests" */;
			buildPhases = (
				6FDB11662A4A257000AC470B /* Sources */,
				6FDB11672A4A257000AC470B /* Frameworks */,
				6FDB11682A4A257000AC470B /* Resources */,
			);
			buildRules = (
			);
			dependencies = (
				6FDB116C2A4A257000AC470B /* PBXTargetDependency */,
			);
			name = "experiment app testTests";
			productName = "experiment app testTests";
			productReference = 6FDB116A2A4A257000AC470B /* experiment app testTests.xctest */;
			productType = "com.apple.product-type.bundle.unit-test";
		};
		6FDB11732A4A257000AC470B /* experiment app testUITests */ = {
			isa = PBXNativeTarget;
			buildConfigurationList = 6FDB11842A4A257000AC470B /* Build configuration list for PBXNativeTarget "experiment app testUITests" */;
			buildPhases = (
				6FDB11702A4A257000AC470B /* Sources */,
				6FDB11712A4A257000AC470B /* Frameworks */,
				6FDB11722A4A257000AC470B /* Resources */,
			);
			buildRules = (
			);
			dependencies = (
				6FDB11762A4A257000AC470B /* PBXTargetDependency */,
			);
			name = "experiment app testUITests";
			productName = "experiment app testUITests";
			productReference = 6FDB11742A4A257000AC470B /* experiment app testUITests.xctest */;
			productType = "com.apple.product-type.bundle.ui-testing";
		};
/* End PBXNativeTarget section */

/* Begin PBXProject section */
		6FDB114C2A4A256F00AC470B /* Project object */ = {
			isa = PBXProject;
			attributes = {
				BuildIndependentTargetsInParallel = 1;
				LastSwiftUpdateCheck = 1430;
				LastUpgradeCheck = 1430;
				TargetAttributes = {
					6FDB11532A4A256F00AC470B = {
						CreatedOnToolsVersion = 14.3.1;
					};
					6FDB11692A4A257000AC470B = {
						CreatedOnToolsVersion = 14.3.1;
						TestTargetID = 6FDB11532A4A256F00AC470B;
					};
					6FDB11732A4A257000AC470B = {
						CreatedOnToolsVersion = 14.3.1;
						TestTargetID = 6FDB11532A4A256F00AC470B;
					};
				};
			};
			buildConfigurationList = 6FDB114F2A4A256F00AC470B /* Build configuration list for PBXProject "experiment app test" */;
			compatibilityVersion = "Xcode 14.0";
			developmentRegion = en;
			hasScannedForEncodings = 0;
			knownRegions = (
				en,
				Base,
			);
			mainGroup = 6FDB114B2A4A256F00AC470B;
			productRefGroup = 6FDB11552A4A256F00AC470B /* Products */;
			projectDirPath = "";
			projectRoot = "";
			targets = (
				6FDB11532A4A256F00AC470B /* experiment app test */,
				6FDB11692A4A257000AC470B /* experiment app testTests */,
				6FDB11732A4A257000AC470B /* experiment app testUITests */,
			);
		};
/* End PBXProject section */

/* Begin PBXResourcesBuildPhase section */
		6FDB11522A4A256F00AC470B /* Resources */ = {
			isa = PBXResourcesBuildPhase;
			buildActionMask = 2147483647;
			files = (
				6FDB11652A4A257000AC470B /* Preview Assets.xcassets in Resources */,
				6FDB11612A4A257000AC470B /* Assets.xcassets in Resources */,
			);
			runOnlyForDeploymentPostprocessing = 0;
		};
		6FDB11682A4A257000AC470B /* Resources */ = {
			isa = PBXResourcesBuildPhase;
			buildActionMask = 2147483647;
			files = (
			);
			runOnlyForDeploymentPostprocessing = 0;
		};
		6FDB11722A4A257000AC470B /* Resources */ = {
			isa = PBXResourcesBuildPhase;
			buildActionMask = 2147483647;
			files = (
			);
			runOnlyForDeploymentPostprocessing = 0;
		};
/* End PBXResourcesBuildPhase section */

/* Begin PBXSourcesBuildPhase section */
		6FDB11502A4A256F00AC470B /* Sources */ = {
			isa = PBXSourcesBuildPhase;
			buildActionMask = 2147483647;
			files = (
				6FDB11582A4A256F00AC470B /* experiment_app_testApp.swift in Sources */,
				6FDB115D2A4A256F00AC470B /* experiment_app_test.xcdatamodeld in Sources */,
				6FDB115F2A4A256F00AC470B /* ContentView.swift in Sources */,
				6FDB115A2A4A256F00AC470B /* Persistence.swift in Sources */,
			);
			runOnlyForDeploymentPostprocessing = 0;
		};
		6FDB11662A4A257000AC470B /* Sources */ = {
			isa = PBXSourcesBuildPhase;
			buildActionMask = 2147483647;
			files = (
				6FDB116F2A4A257000AC470B /* experiment_app_testTests.swift in Sources */,
			);
			runOnlyForDeploymentPostprocessing = 0;
		};
		6FDB11702A4A257000AC470B /* Sources */ = {
			isa = PBXSourcesBuildPhase;
			buildActionMask = 2147483647;
			files = (
				6FDB11792A4A257000AC470B /* experiment_app_testUITests.swift in Sources */,
				6FDB117B2A4A257000AC470B /* experiment_app_testUITestsLaunchTests.swift in Sources */,
			);
			runOnlyForDeploymentPostprocessing = 0;
		};
/* End PBXSourcesBuildPhase section */

/* Begin PBXTargetDependency section */
		6FDB116C2A4A257000AC470B /* PBXTargetDependency */ = {
			isa = PBXTargetDependency;
			target = 6FDB11532A4A256F00AC470B /* experiment app test */;
			targetProxy = 6FDB116B2A4A257000AC470B /* PBXContainerItemProxy */;
		};
		6FDB11762A4A257000AC470B /* PBXTargetDependency */ = {
			isa = PBXTargetDependency;
			target = 6FDB11532A4A256F00AC470B /* experiment app test */;
			targetProxy = 6FDB11752A4A257000AC470B /* PBXContainerItemProxy */;
		};
/* End PBXTargetDependency section */

/* Begin XCBuildConfiguration section */
		6FDB117C2A4A257000AC470B /* Debug */ = {
			isa = XCBuildConfiguration;
			buildSettings = {
				ALWAYS_SEARCH_USER_PATHS = NO;
				CLANG_ANALYZER_NONNULL = YES;
				CLANG_ANALYZER_NUMBER_OBJECT_CONVERSION = YES_AGGRESSIVE;
				CLANG_CXX_LANGUAGE_STANDARD = "gnu++20";
				CLANG_ENABLE_MODULES = YES;
				CLANG_ENABLE_OBJC_ARC = YES;
				CLANG_ENABLE_OBJC_WEAK = YES;
				CLANG_WARN_BLOCK_CAPTURE_AUTORELEASING = YES;
				CLANG_WARN_BOOL_CONVERSION = YES;
				CLANG_WARN_COMMA = YES;
				CLANG_WARN_CONSTANT_CONVERSION = YES;
				CLANG_WARN_DEPRECATED_OBJC_IMPLEMENTATIONS = YES;
				CLANG_WARN_DIRECT_OBJC_ISA_USAGE = YES_ERROR;
				CLANG_WARN_DOCUMENTATION_COMMENTS = YES;
				CLANG_WARN_EMPTY_BODY = YES;
				CLANG_WARN_ENUM_CONVERSION = YES;
				CLANG_WARN_INFINITE_RECURSION = YES;
				CLANG_WARN_INT_CONVERSION = YES;
				CLANG_WARN_NON_LITERAL_NULL_CONVERSION = YES;
				CLANG_WARN_OBJC_IMPLICIT_RETAIN_SELF = YES;
				CLANG_WARN_OBJC_LITERAL_CONVERSION = YES;
				CLANG_WARN_OBJC_ROOT_CLASS = YES_ERROR;
				CLANG_WARN_QUOTED_INCLUDE_IN_FRAMEWORK_HEADER = YES;
				CLANG_WARN_RANGE_LOOP_ANALYSIS = YES;
				CLANG_WARN_STRICT_PROTOTYPES = YES;
				CLANG_WARN_SUSPICIOUS_MOVE = YES;
				CLANG_WARN_UNGUARDED_AVAILABILITY = YES_AGGRESSIVE;
				CLANG_WARN_UNREACHABLE_CODE = YES;
				CLANG_WARN__DUPLICATE_METHOD_MATCH = YES;
				COPY_PHASE_STRIP = NO;
				DEBUG_INFORMATION_FORMAT = dwarf;
				ENABLE_STRICT_OBJC_MSGSEND = YES;
				ENABLE_TESTABILITY = YES;
				GCC_C_LANGUAGE_STANDARD = gnu11;
				GCC_DYNAMIC_NO_PIC = NO;
				GCC_NO_COMMON_BLOCKS = YES;
				GCC_OPTIMIZATION_LEVEL = 0;
				GCC_PREPROCESSOR_DEFINITIONS = (
					"DEBUG=1",
					"$(inherited)",
				);
				GCC_WARN_64_TO_32_BIT_CONVERSION = YES;
				GCC_WARN_ABOUT_RETURN_TYPE = YES_ERROR;
				GCC_WARN_UNDECLARED_SELECTOR = YES;
				GCC_WARN_UNINITIALIZED_AUTOS = YES_AGGRESSIVE;
				GCC_WARN_UNUSED_FUNCTION = YES;
				GCC_WARN_UNUSED_VARIABLE = YES;
				MTL_ENABLE_DEBUG_INFO = INCLUDE_SOURCE;
				MTL_FAST_MATH = YES;
				ONLY_ACTIVE_ARCH = YES;
				SWIFT_ACTIVE_COMPILATION_CONDITIONS = DEBUG;
				SWIFT_OPTIMIZATION_LEVEL = "-Onone";
			};
			name = Debug;
		};
		6FDB117D2A4A257000AC470B /* Release */ = {
			isa = XCBuildConfiguration;
			buildSettings = {
				ALWAYS_SEARCH_USER_PATHS = NO;
				CLANG_ANALYZER_NONNULL = YES;
				CLANG_ANALYZER_NUMBER_OBJECT_CONVERSION = YES_AGGRESSIVE;
				CLANG_CXX_LANGUAGE_STANDARD = "gnu++20";
				CLANG_ENABLE_MODULES = YES;
				CLANG_ENABLE_OBJC_ARC = YES;
				CLANG_ENABLE_OBJC_WEAK = YES;
				CLANG_WARN_BLOCK_CAPTURE_AUTORELEASING = YES;
				CLANG_WARN_BOOL_CONVERSION = YES;
				CLANG_WARN_COMMA = YES;
				CLANG_WARN_CONSTANT_CONVERSION = YES;
				CLANG_WARN_DEPRECATED_OBJC_IMPLEMENTATIONS = YES;
				CLANG_WARN_DIRECT_OBJC_ISA_USAGE = YES_ERROR;
				CLANG_WARN_DOCUMENTATION_COMMENTS = YES;
				CLANG_WARN_EMPTY_BODY = YES;
				CLANG_WARN_ENUM_CONVERSION = YES;
				CLANG_WARN_INFINITE_RECURSION = YES;
				CLANG_WARN_INT_CONVERSION = YES;
				CLANG_WARN_NON_LITERAL_NULL_CONVERSION = YES;
				CLANG_WARN_OBJC_IMPLICIT_RETAIN_SELF = YES;
				CLANG_WARN_OBJC_LITERAL_CONVERSION = YES;
				CLANG_WARN_OBJC_ROOT_CLASS = YES_ERROR;
				CLANG_WARN_QUOTED_INCLUDE_IN_FRAMEWORK_HEADER = YES;
				CLANG_WARN_RANGE_LOOP_ANALYSIS = YES;
				CLANG_WARN_STRICT_PROTOTYPES = YES;
				CLANG_WARN_SUSPICIOUS_MOVE = YES;
				CLANG_WARN_UNGUARDED_AVAILABILITY = YES_AGGRESSIVE;
				CLANG_WARN_UNREACHABLE_CODE = YES;
				CLANG_WARN__DUPLICATE_METHOD_MATCH = YES;
				COPY_PHASE_STRIP = NO;
				DEBUG_INFORMATION_FORMAT = "dwarf-with-dsym";
				ENABLE_NS_ASSERTIONS = NO;
				ENABLE_STRICT_OBJC_MSGSEND = YES;
				GCC_C_LANGUAGE_STANDARD = gnu11;
				GCC_NO_COMMON_BLOCKS = YES;
				GCC_WARN_64_TO_32_BIT_CONVERSION = YES;
				GCC_WARN_ABOUT_RETURN_TYPE = YES_ERROR;
				GCC_WARN_UNDECLARED_SELECTOR = YES;
				GCC_WARN_UNINITIALIZED_AUTOS = YES_AGGRESSIVE;
				GCC_WARN_UNUSED_FUNCTION = YES;
				GCC_WARN_UNUSED_VARIABLE = YES;
				MTL_ENABLE_DEBUG_INFO = NO;
				MTL_FAST_MATH = YES;
				SWIFT_COMPILATION_MODE = wholemodule;
				SWIFT_OPTIMIZATION_LEVEL = "-O";
			};
			name = Release;
		};
		6FDB117F2A4A257000AC470B /* Debug */ = {
			isa = XCBuildConfiguration;
			buildSettings = {
				ASSETCATALOG_COMPILER_APPICON_NAME = AppIcon;
				ASSETCATALOG_COMPILER_GLOBAL_ACCENT_COLOR_NAME = AccentColor;
				CODE_SIGN_ENTITLEMENTS = "experiment app test/experiment_app_test.entitlements";
				CODE_SIGN_STYLE = Automatic;
				CURRENT_PROJECT_VERSION = 1;
				DEVELOPMENT_ASSET_PATHS = "\"experiment app test/Preview Content\"";
				ENABLE_PREVIEWS = YES;
				GENERATE_INFOPLIST_FILE = YES;
				"INFOPLIST_KEY_UIApplicationSceneManifest_Generation[sdk=iphoneos*]" = YES;
				"INFOPLIST_KEY_UIApplicationSceneManifest_Generation[sdk=iphonesimulator*]" = YES;
				"INFOPLIST_KEY_UIApplicationSupportsIndirectInputEvents[sdk=iphoneos*]" = YES;
				"INFOPLIST_KEY_UIApplicationSupportsIndirectInputEvents[sdk=iphonesimulator*]" = YES;
				"INFOPLIST_KEY_UILaunchScreen_Generation[sdk=iphoneos*]" = YES;
				"INFOPLIST_KEY_UILaunchScreen_Generation[sdk=iphonesimulator*]" = YES;
				"INFOPLIST_KEY_UIStatusBarStyle[sdk=iphoneos*]" = UIStatusBarStyleDefault;
				"INFOPLIST_KEY_UIStatusBarStyle[sdk=iphonesimulator*]" = UIStatusBarStyleDefault;
				INFOPLIST_KEY_UISupportedInterfaceOrientations_iPad = "UIInterfaceOrientationPortrait UIInterfaceOrientationPortraitUpsideDown UIInterfaceOrientationLandscapeLeft UIInterfaceOrientationLandscapeRight";
				INFOPLIST_KEY_UISupportedInterfaceOrientations_iPhone = "UIInterfaceOrientationPortrait UIInterfaceOrientationLandscapeLeft UIInterfaceOrientationLandscapeRight";
				IPHONEOS_DEPLOYMENT_TARGET = 16.4;
				LD_RUNPATH_SEARCH_PATHS = "@executable_path/Frameworks";
				"LD_RUNPATH_SEARCH_PATHS[sdk=macosx*]" = "@executable_path/../Frameworks";
				MACOSX_DEPLOYMENT_TARGET = 13.3;
				MARKETING_VERSION = 1.0;
				PRODUCT_BUNDLE_IDENTIFIER = "ahhhhh.experiment-app-test";
				PRODUCT_NAME = "$(TARGET_NAME)";
				SDKROOT = auto;
				SUPPORTED_PLATFORMS = "iphoneos iphonesimulator macosx";
				SWIFT_EMIT_LOC_STRINGS = YES;
				SWIFT_VERSION = 5.0;
				TARGETED_DEVICE_FAMILY = "1,2";
			};
			name = Debug;
		};
		6FDB11802A4A257000AC470B /* Release */ = {
			isa = XCBuildConfiguration;
			buildSettings = {
				ASSETCATALOG_COMPILER_APPICON_NAME = AppIcon;
				ASSETCATALOG_COMPILER_GLOBAL_ACCENT_COLOR_NAME = AccentColor;
				CODE_SIGN_ENTITLEMENTS = "experiment app test/experiment_app_test.entitlements";
				CODE_SIGN_STYLE = Automatic;
				CURRENT_PROJECT_VERSION = 1;
				DEVELOPMENT_ASSET_PATHS = "\"experiment app test/Preview Content\"";
				ENABLE_PREVIEWS = YES;
				GENERATE_INFOPLIST_FILE = YES;
				"INFOPLIST_KEY_UIApplicationSceneManifest_Generation[sdk=iphoneos*]" = YES;
				"INFOPLIST_KEY_UIApplicationSceneManifest_Generation[sdk=iphonesimulator*]" = YES;
				"INFOPLIST_KEY_UIApplicationSupportsIndirectInputEvents[sdk=iphoneos*]" = YES;
				"INFOPLIST_KEY_UIApplicationSupportsIndirectInputEvents[sdk=iphonesimulator*]" = YES;
				"INFOPLIST_KEY_UILaunchScreen_Generation[sdk=iphoneos*]" = YES;
				"INFOPLIST_KEY_UILaunchScreen_Generation[sdk=iphonesimulator*]" = YES;
				"INFOPLIST_KEY_UIStatusBarStyle[sdk=iphoneos*]" = UIStatusBarStyleDefault;
				"INFOPLIST_KEY_UIStatusBarStyle[sdk=iphonesimulator*]" = UIStatusBarStyleDefault;
				INFOPLIST_KEY_UISupportedInterfaceOrientations_iPad = "UIInterfaceOrientationPortrait UIInterfaceOrientationPortraitUpsideDown UIInterfaceOrientationLandscapeLeft UIInterfaceOrientationLandscapeRight";
				INFOPLIST_KEY_UISupportedInterfaceOrientations_iPhone = "UIInterfaceOrientationPortrait UIInterfaceOrientationLandscapeLeft UIInterfaceOrientationLandscapeRight";
				IPHONEOS_DEPLOYMENT_TARGET = 16.4;
				LD_RUNPATH_SEARCH_PATHS = "@executable_path/Frameworks";
				"LD_RUNPATH_SEARCH_PATHS[sdk=macosx*]" = "@executable_path/../Frameworks";
				MACOSX_DEPLOYMENT_TARGET = 13.3;
				MARKETING_VERSION = 1.0;
				PRODUCT_BUNDLE_IDENTIFIER = "ahhhhh.experiment-app-test";
				PRODUCT_NAME = "$(TARGET_NAME)";
				SDKROOT = auto;
				SUPPORTED_PLATFORMS = "iphoneos iphonesimulator macosx";
				SWIFT_EMIT_LOC_STRINGS = YES;
				SWIFT_VERSION = 5.0;
				TARGETED_DEVICE_FAMILY = "1,2";
			};
			name = Release;
		};
		6FDB11822A4A257000AC470B /* Debug */ = {
			isa = XCBuildConfiguration;
			buildSettings = {
				ALWAYS_EMBED_SWIFT_STANDARD_LIBRARIES = YES;
				BUNDLE_LOADER = "$(TEST_HOST)";
				CODE_SIGN_STYLE = Automatic;
				CURRENT_PROJECT_VERSION = 1;
				GENERATE_INFOPLIST_FILE = YES;
				IPHONEOS_DEPLOYMENT_TARGET = 16.4;
				MACOSX_DEPLOYMENT_TARGET = 13.3;
				MARKETING_VERSION = 1.0;
				PRODUCT_BUNDLE_IDENTIFIER = "ahhhhh.experiment-app-testTests";
				PRODUCT_NAME = "$(TARGET_NAME)";
				SDKROOT = auto;
				SUPPORTED_PLATFORMS = "iphoneos iphonesimulator macosx";
				SWIFT_EMIT_LOC_STRINGS = NO;
				SWIFT_VERSION = 5.0;
				TARGETED_DEVICE_FAMILY = "1,2";
				TEST_HOST = "$(BUILT_PRODUCTS_DIR)/experiment app test.app/$(BUNDLE_EXECUTABLE_FOLDER_PATH)/experiment app test";
			};
			name = Debug;
		};
		6FDB11832A4A257000AC470B /* Release */ = {
			isa = XCBuildConfiguration;
			buildSettings = {
				ALWAYS_EMBED_SWIFT_STANDARD_LIBRARIES = YES;
				BUNDLE_LOADER = "$(TEST_HOST)";
				CODE_SIGN_STYLE = Automatic;
				CURRENT_PROJECT_VERSION = 1;
				GENERATE_INFOPLIST_FILE = YES;
				IPHONEOS_DEPLOYMENT_TARGET = 16.4;
				MACOSX_DEPLOYMENT_TARGET = 13.3;
				MARKETING_VERSION = 1.0;
				PRODUCT_BUNDLE_IDENTIFIER = "ahhhhh.experiment-app-testTests";
				PRODUCT_NAME = "$(TARGET_NAME)";
				SDKROOT = auto;
				SUPPORTED_PLATFORMS = "iphoneos iphonesimulator macosx";
				SWIFT_EMIT_LOC_STRINGS = NO;
				SWIFT_VERSION = 5.0;
				TARGETED_DEVICE_FAMILY = "1,2";
				TEST_HOST = "$(BUILT_PRODUCTS_DIR)/experiment app test.app/$(BUNDLE_EXECUTABLE_FOLDER_PATH)/experiment app test";
			};
			name = Release;
		};
		6FDB11852A4A257000AC470B /* Debug */ = {
			isa = XCBuildConfiguration;
			buildSettings = {
				ALWAYS_EMBED_SWIFT_STANDARD_LIBRARIES = YES;
				CODE_SIGN_STYLE = Automatic;
				CURRENT_PROJECT_VERSION = 1;
				GENERATE_INFOPLIST_FILE = YES;
				IPHONEOS_DEPLOYMENT_TARGET = 16.4;
				MACOSX_DEPLOYMENT_TARGET = 13.3;
				MARKETING_VERSION = 1.0;
				PRODUCT_BUNDLE_IDENTIFIER = "ahhhhh.experiment-app-testUITests";
				PRODUCT_NAME = "$(TARGET_NAME)";
				SDKROOT = auto;
				SUPPORTED_PLATFORMS = "iphoneos iphonesimulator macosx";
				SWIFT_EMIT_LOC_STRINGS = NO;
				SWIFT_VERSION = 5.0;
				TARGETED_DEVICE_FAMILY = "1,2";
				TEST_TARGET_NAME = "experiment app test";
			};
			name = Debug;
		};
		6FDB11862A4A257000AC470B /* Release */ = {
			isa = XCBuildConfiguration;
			buildSettings = {
				ALWAYS_EMBED_SWIFT_STANDARD_LIBRARIES = YES;
				CODE_SIGN_STYLE = Automatic;
				CURRENT_PROJECT_VERSION = 1;
				GENERATE_INFOPLIST_FILE = YES;
				IPHONEOS_DEPLOYMENT_TARGET = 16.4;
				MACOSX_DEPLOYMENT_TARGET = 13.3;
				MARKETING_VERSION = 1.0;
				PRODUCT_BUNDLE_IDENTIFIER = "ahhhhh.experiment-app-testUITests";
				PRODUCT_NAME = "$(TARGET_NAME)";
				SDKROOT = auto;
				SUPPORTED_PLATFORMS = "iphoneos iphonesimulator macosx";
				SWIFT_EMIT_LOC_STRINGS = NO;
				SWIFT_VERSION = 5.0;
				TARGETED_DEVICE_FAMILY = "1,2";
				TEST_TARGET_NAME = "experiment app test";
			};
			name = Release;
		};
/* End XCBuildConfiguration section */

/* Begin XCConfigurationList section */
		6FDB114F2A4A256F00AC470B /* Build configuration list for PBXProject "experiment app test" */ = {
			isa = XCConfigurationList;
			buildConfigurations = (
				6FDB117C2A4A257000AC470B /* Debug */,
				6FDB117D2A4A257000AC470B /* Release */,
			);
			defaultConfigurationIsVisible = 0;
			defaultConfigurationName = Release;
		};
		6FDB117E2A4A257000AC470B /* Build configuration list for PBXNativeTarget "experiment app test" */ = {
			isa = XCConfigurationList;
			buildConfigurations = (
				6FDB117F2A4A257000AC470B /* Debug */,
				6FDB11802A4A257000AC470B /* Release */,
			);
			defaultConfigurationIsVisible = 0;
			defaultConfigurationName = Release;
		};
		6FDB11812A4A257000AC470B /* Build configuration list for PBXNativeTarget "experiment app testTests" */ = {
			isa = XCConfigurationList;
			buildConfigurations = (
				6FDB11822A4A257000AC470B /* Debug */,
				6FDB11832A4A257000AC470B /* Release */,
			);
			defaultConfigurationIsVisible = 0;
			defaultConfigurationName = Release;
		};
		6FDB11842A4A257000AC470B /* Build configuration list for PBXNativeTarget "experiment app testUITests" */ = {
			isa = XCConfigurationList;
			buildConfigurations = (
				6FDB11852A4A257000AC470B /* Debug */,
				6FDB11862A4A257000AC470B /* Release */,
			);
			defaultConfigurationIsVisible = 0;
			defaultConfigurationName = Release;
		};
/* End XCConfigurationList section */

/* Begin XCVersionGroup section */
		6FDB115B2A4A256F00AC470B /* experiment_app_test.xcdatamodeld */ = {
			isa = XCVersionGroup;
			children = (
				6FDB115C2A4A256F00AC470B /* experiment_app_test.xcdatamodel */,
			);
			currentVersion = 6FDB115C2A4A256F00AC470B /* experiment_app_test.xcdatamodel */;
			path = experiment_app_test.xcdatamodeld;
			sourceTree = "<group>";
			versionGroupType = wrapper.xcdatamodel;
		};
/* End XCVersionGroup section */
	};
	rootObject = 6FDB114C2A4A256F00AC470B /* Project object */;
}
